
Microsoft Visual Studio Solution File, Format Version 12.00
# Visual Studio 2012
Project("{f2a71f9b-5d33-465a-a702-920d77279786}") = "proptest-techtalk", "proptest-techtalk.fsproj", "{C248A492-F8CF-49BD-9D19-CB735AE62F16}"
EndProject
Project("{f2a71f9b-5d33-465a-a702-920d77279786}") = "Core", "Core\Core.fsproj", "{AED10A05-AA98-4187-83F1-AB85192E943B}"
EndProject
Global
	GlobalSection(SolutionConfigurationPlatforms) = preSolution
		Debug|x86 = Debug|x86
		Release|x86 = Release|x86
	EndGlobalSection
	GlobalSection(ProjectConfigurationPlatforms) = postSolution
		{AED10A05-AA98-4187-83F1-AB85192E943B}.Debug|x86.ActiveCfg = Debug|Any CPU
		{AED10A05-AA98-4187-83F1-AB85192E943B}.Debug|x86.Build.0 = Debug|Any CPU
		{AED10A05-AA98-4187-83F1-AB85192E943B}.Release|x86.ActiveCfg = Release|Any CPU
		{AED10A05-AA98-4187-83F1-AB85192E943B}.Release|x86.Build.0 = Release|Any CPU
		{C248A492-F8CF-49BD-9D19-CB735AE62F16}.Debug|x86.ActiveCfg = Debug|x86
		{C248A492-F8CF-49BD-9D19-CB735AE62F16}.Debug|x86.Build.0 = Debug|x86
		{C248A492-F8CF-49BD-9D19-CB735AE62F16}.Release|x86.ActiveCfg = Release|x86
		{C248A492-F8CF-49BD-9D19-CB735AE62F16}.Release|x86.Build.0 = Release|x86
	EndGlobalSection
EndGlobal
